
Microsoft Visual Studio Solution File, Format Version 12.00
# Visual Studio Version 16
VisualStudioVersion = 16.0.30114.105
MinimumVisualStudioVersion = 10.0.40219.1
Project("{FAE04EC0-301F-11D3-BF4B-00C04F79EFBC}") = "API", "API\API.csproj", "{A873278A-8F22-4472-9E6F-F898FC196115}"
EndProject
Global
	GlobalSection(SolutionConfigurationPlatforms) = preSolution
		Debug|Any CPU = Debug|Any CPU
		Release|Any CPU = Release|Any CPU
	EndGlobalSection
	GlobalSection(ProjectConfigurationPlatforms) = postSolution
		{A873278A-8F22-4472-9E6F-F898FC196115}.Debug|Any CPU.ActiveCfg = Debug|Any CPU
		{A873278A-8F22-4472-9E6F-F898FC196115}.Debug|Any CPU.Build.0 = Debug|Any CPU
		{A873278A-8F22-4472-9E6F-F898FC196115}.Release|Any CPU.ActiveCfg = Release|Any CPU
		{A873278A-8F22-4472-9E6F-F898FC196115}.Release|Any CPU.Build.0 = Release|Any CPU
	EndGlobalSection
	GlobalSection(SolutionProperties) = preSolution
		HideSolutionNode = FALSE
	EndGlobalSection
	GlobalSection(ExtensibilityGlobals) = postSolution
		SolutionGuid = {03AEC328-461D-48B4-B857-D24CDDBC97A3}
	EndGlobalSection
EndGlobal
